
Microsoft Visual Studio Solution File, Format Version 12.00
# Visual Studio 15
VisualStudioVersion = 15.0.26730.3
MinimumVisualStudioVersion = 10.0.40219.1
Project("{FAE04EC0-301F-11D3-BF4B-00C04F79EFBC}") = "Ejercicio rueda_auto", "Ejercicio rueda_auto\Ejercicio rueda_auto.csproj", "{D7A550DE-6344-4D04-8D35-A05B0F5350D9}"
EndProject
Global
	GlobalSection(SolutionConfigurationPlatforms) = preSolution
		Debug|Any CPU = Debug|Any CPU
		Release|Any CPU = Release|Any CPU
	EndGlobalSection
	GlobalSection(ProjectConfigurationPlatforms) = postSolution
		{D7A550DE-6344-4D04-8D35-A05B0F5350D9}.Debug|Any CPU.ActiveCfg = Debug|Any CPU
		{D7A550DE-6344-4D04-8D35-A05B0F5350D9}.Debug|Any CPU.Build.0 = Debug|Any CPU
		{D7A550DE-6344-4D04-8D35-A05B0F5350D9}.Release|Any CPU.ActiveCfg = Release|Any CPU
		{D7A550DE-6344-4D04-8D35-A05B0F5350D9}.Release|Any CPU.Build.0 = Release|Any CPU
	EndGlobalSection
	GlobalSection(SolutionProperties) = preSolution
		HideSolutionNode = FALSE
	EndGlobalSection
	GlobalSection(ExtensibilityGlobals) = postSolution
		SolutionGuid = {2D25F249-046D-4734-8773-395F091E149B}
	EndGlobalSection
EndGlobal
