
Microsoft Visual Studio Solution File, Format Version 12.00
# Visual Studio 2012
Project("{FAE04EC0-301F-11D3-BF4B-00C04F79EFBC}") = "Ejercicio1", "Ejercicio1\Ejercicio1.csproj", "{8689F43F-98FB-467E-8979-D4478FF8F09A}"
EndProject
Global
	GlobalSection(SolutionConfigurationPlatforms) = preSolution
		Debug|Any CPU = Debug|Any CPU
		Release|Any CPU = Release|Any CPU
	EndGlobalSection
	GlobalSection(ProjectConfigurationPlatforms) = postSolution
		{8689F43F-98FB-467E-8979-D4478FF8F09A}.Debug|Any CPU.ActiveCfg = Debug|Any CPU
		{8689F43F-98FB-467E-8979-D4478FF8F09A}.Debug|Any CPU.Build.0 = Debug|Any CPU
		{8689F43F-98FB-467E-8979-D4478FF8F09A}.Release|Any CPU.ActiveCfg = Release|Any CPU
		{8689F43F-98FB-467E-8979-D4478FF8F09A}.Release|Any CPU.Build.0 = Release|Any CPU
	EndGlobalSection
	GlobalSection(SolutionProperties) = preSolution
		HideSolutionNode = FALSE
	EndGlobalSection
EndGlobal
